// !$*UTF8*$!
{
	archiveVersion = 1;
	classes = {
	};
	objectVersion = 56;
	objects = {

/* Begin PBXBuildFile section */
		6F8242062A46FFC900591925 /* RealityKitContent in Frameworks */ = {isa = PBXBuildFile; productRef = 6F8242052A46FFC900591925 /* RealityKitContent */; };
		6F8242082A46FFC900591925 /* ExploreVisionApp.swift in Sources */ = {isa = PBXBuildFile; fileRef = 6F8242072A46FFC900591925 /* ExploreVisionApp.swift */; };
		6F82420A2A46FFC900591925 /* ContentView.swift in Sources */ = {isa = PBXBuildFile; fileRef = 6F8242092A46FFC900591925 /* ContentView.swift */; };
		6F82420C2A46FFC900591925 /* ImmersiveView.swift in Sources */ = {isa = PBXBuildFile; fileRef = 6F82420B2A46FFC900591925 /* ImmersiveView.swift */; };
		6F82420E2A46FFCB00591925 /* Assets.xcassets in Resources */ = {isa = PBXBuildFile; fileRef = 6F82420D2A46FFCB00591925 /* Assets.xcassets */; };
		6F8242112A46FFCB00591925 /* Preview Assets.xcassets in Resources */ = {isa = PBXBuildFile; fileRef = 6F8242102A46FFCB00591925 /* Preview Assets.xcassets */; };
		6F82421C2A46FFCB00591925 /* ExploreVisionTests.swift in Sources */ = {isa = PBXBuildFile; fileRef = 6F82421B2A46FFCB00591925 /* ExploreVisionTests.swift */; };
/* End PBXBuildFile section */

/* Begin PBXContainerItemProxy section */
		6F8242182A46FFCB00591925 /* PBXContainerItemProxy */ = {
			isa = PBXContainerItemProxy;
			containerPortal = 6F8241F82A46FFC900591925 /* Project object */;
			proxyType = 1;
			remoteGlobalIDString = 6F8241FF2A46FFC900591925;
			remoteInfo = ExploreVision;
		};
/* End PBXContainerItemProxy section */

/* Begin PBXFileReference section */
		6F8242002A46FFC900591925 /* ExploreVision.app */ = {isa = PBXFileReference; explicitFileType = wrapper.application; includeInIndex = 0; path = ExploreVision.app; sourceTree = BUILT_PRODUCTS_DIR; };
		6F8242042A46FFC900591925 /* RealityKitContent */ = {isa = PBXFileReference; lastKnownFileType = wrapper; path = RealityKitContent; sourceTree = "<group>"; };
		6F8242072A46FFC900591925 /* ExploreVisionApp.swift */ = {isa = PBXFileReference; lastKnownFileType = sourcecode.swift; path = ExploreVisionApp.swift; sourceTree = "<group>"; };
		6F8242092A46FFC900591925 /* ContentView.swift */ = {isa = PBXFileReference; lastKnownFileType = sourcecode.swift; path = ContentView.swift; sourceTree = "<group>"; };
		6F82420B2A46FFC900591925 /* ImmersiveView.swift */ = {isa = PBXFileReference; lastKnownFileType = sourcecode.swift; path = ImmersiveView.swift; sourceTree = "<group>"; };
		6F82420D2A46FFCB00591925 /* Assets.xcassets */ = {isa = PBXFileReference; lastKnownFileType = folder.assetcatalog; path = Assets.xcassets; sourceTree = "<group>"; };
		6F8242102A46FFCB00591925 /* Preview Assets.xcassets */ = {isa = PBXFileReference; lastKnownFileType = folder.assetcatalog; path = "Preview Assets.xcassets"; sourceTree = "<group>"; };
		6F8242122A46FFCB00591925 /* Info.plist */ = {isa = PBXFileReference; lastKnownFileType = text.plist.xml; path = Info.plist; sourceTree = "<group>"; };
		6F8242172A46FFCB00591925 /* ExploreVisionTests.xctest */ = {isa = PBXFileReference; explicitFileType = wrapper.cfbundle; includeInIndex = 0; path = ExploreVisionTests.xctest; sourceTree = BUILT_PRODUCTS_DIR; };
		6F82421B2A46FFCB00591925 /* ExploreVisionTests.swift */ = {isa = PBXFileReference; lastKnownFileType = sourcecode.swift; path = ExploreVisionTests.swift; sourceTree = "<group>"; };
/* End PBXFileReference section */

/* Begin PBXFrameworksBuildPhase section */
		6F8241FD2A46FFC900591925 /* Frameworks */ = {
			isa = PBXFrameworksBuildPhase;
			buildActionMask = 2147483647;
			files = (
				6F8242062A46FFC900591925 /* RealityKitContent in Frameworks */,
			);
			runOnlyForDeploymentPostprocessing = 0;
		};
		6F8242142A46FFCB00591925 /* Frameworks */ = {
			isa = PBXFrameworksBuildPhase;
			buildActionMask = 2147483647;
			files = (
			);
			runOnlyForDeploymentPostprocessing = 0;
		};
/* End PBXFrameworksBuildPhase section */

/* Begin PBXGroup section */
		6F8241F72A46FFC900591925 = {
			isa = PBXGroup;
			children = (
				6F8242022A46FFC900591925 /* ExploreVision */,
				6F8242032A46FFC900591925 /* Packages */,
				6F82421A2A46FFCB00591925 /* ExploreVisionTests */,
				6F8242012A46FFC900591925 /* Products */,
			);
			sourceTree = "<group>";
		};
		6F8242012A46FFC900591925 /* Products */ = {
			isa = PBXGroup;
			children = (
				6F8242002A46FFC900591925 /* ExploreVision.app */,
				6F8242172A46FFCB00591925 /* ExploreVisionTests.xctest */,
			);
			name = Products;
			sourceTree = "<group>";
		};
		6F8242022A46FFC900591925 /* ExploreVision */ = {
			isa = PBXGroup;
			children = (
				6F8242072A46FFC900591925 /* ExploreVisionApp.swift */,
				6F8242092A46FFC900591925 /* ContentView.swift */,
				6F82420B2A46FFC900591925 /* ImmersiveView.swift */,
				6F82420D2A46FFCB00591925 /* Assets.xcassets */,
				6F8242122A46FFCB00591925 /* Info.plist */,
				6F82420F2A46FFCB00591925 /* Preview Content */,
			);
			path = ExploreVision;
			sourceTree = "<group>";
		};
		6F8242032A46FFC900591925 /* Packages */ = {
			isa = PBXGroup;
			children = (
				6F8242042A46FFC900591925 /* RealityKitContent */,
			);
			path = Packages;
			sourceTree = "<group>";
		};
		6F82420F2A46FFCB00591925 /* Preview Content */ = {
			isa = PBXGroup;
			children = (
				6F8242102A46FFCB00591925 /* Preview Assets.xcassets */,
			);
			path = "Preview Content";
			sourceTree = "<group>";
		};
		6F82421A2A46FFCB00591925 /* ExploreVisionTests */ = {
			isa = PBXGroup;
			children = (
				6F82421B2A46FFCB00591925 /* ExploreVisionTests.swift */,
			);
			path = ExploreVisionTests;
			sourceTree = "<group>";
		};
/* End PBXGroup section */

/* Begin PBXNativeTarget section */
		6F8241FF2A46FFC900591925 /* ExploreVision */ = {
			isa = PBXNativeTarget;
			buildConfigurationList = 6F82421F2A46FFCB00591925 /* Build configuration list for PBXNativeTarget "ExploreVision" */;
			buildPhases = (
				6F8241FC2A46FFC900591925 /* Sources */,
				6F8241FD2A46FFC900591925 /* Frameworks */,
				6F8241FE2A46FFC900591925 /* Resources */,
			);
			buildRules = (
			);
			dependencies = (
			);
			name = ExploreVision;
			packageProductDependencies = (
				6F8242052A46FFC900591925 /* RealityKitContent */,
			);
			productName = ExploreVision;
			productReference = 6F8242002A46FFC900591925 /* ExploreVision.app */;
			productType = "com.apple.product-type.application";
		};
		6F8242162A46FFCB00591925 /* ExploreVisionTests */ = {
			isa = PBXNativeTarget;
			buildConfigurationList = 6F8242222A46FFCB00591925 /* Build configuration list for PBXNativeTarget "ExploreVisionTests" */;
			buildPhases = (
				6F8242132A46FFCB00591925 /* Sources */,
				6F8242142A46FFCB00591925 /* Frameworks */,
				6F8242152A46FFCB00591925 /* Resources */,
			);
			buildRules = (
			);
			dependencies = (
				6F8242192A46FFCB00591925 /* PBXTargetDependency */,
			);
			name = ExploreVisionTests;
			productName = ExploreVisionTests;
			productReference = 6F8242172A46FFCB00591925 /* ExploreVisionTests.xctest */;
			productType = "com.apple.product-type.bundle.unit-test";
		};
/* End PBXNativeTarget section */

/* Begin PBXProject section */
		6F8241F82A46FFC900591925 /* Project object */ = {
			isa = PBXProject;
			attributes = {
				BuildIndependentTargetsInParallel = 1;
				LastSwiftUpdateCheck = 1500;
				LastUpgradeCheck = 1500;
				TargetAttributes = {
					6F8241FF2A46FFC900591925 = {
						CreatedOnToolsVersion = 15.0;
					};
					6F8242162A46FFCB00591925 = {
						CreatedOnToolsVersion = 15.0;
						TestTargetID = 6F8241FF2A46FFC900591925;
					};
				};
			};
			buildConfigurationList = 6F8241FB2A46FFC900591925 /* Build configuration list for PBXProject "ExploreVision" */;
			compatibilityVersion = "Xcode 14.0";
			developmentRegion = en;
			hasScannedForEncodings = 0;
			knownRegions = (
				en,
				Base,
			);
			mainGroup = 6F8241F72A46FFC900591925;
			productRefGroup = 6F8242012A46FFC900591925 /* Products */;
			projectDirPath = "";
			projectRoot = "";
			targets = (
				6F8241FF2A46FFC900591925 /* ExploreVision */,
				6F8242162A46FFCB00591925 /* ExploreVisionTests */,
			);
		};
/* End PBXProject section */

/* Begin PBXResourcesBuildPhase section */
		6F8241FE2A46FFC900591925 /* Resources */ = {
			isa = PBXResourcesBuildPhase;
			buildActionMask = 2147483647;
			files = (
				6F8242112A46FFCB00591925 /* Preview Assets.xcassets in Resources */,
				6F82420E2A46FFCB00591925 /* Assets.xcassets in Resources */,
			);
			runOnlyForDeploymentPostprocessing = 0;
		};
		6F8242152A46FFCB00591925 /* Resources */ = {
			isa = PBXResourcesBuildPhase;
			buildActionMask = 2147483647;
			files = (
			);
			runOnlyForDeploymentPostprocessing = 0;
		};
/* End PBXResourcesBuildPhase section */

/* Begin PBXSourcesBuildPhase section */
		6F8241FC2A46FFC900591925 /* Sources */ = {
			isa = PBXSourcesBuildPhase;
			buildActionMask = 2147483647;
			files = (
				6F82420A2A46FFC900591925 /* ContentView.swift in Sources */,
				6F8242082A46FFC900591925 /* ExploreVisionApp.swift in Sources */,
				6F82420C2A46FFC900591925 /* ImmersiveView.swift in Sources */,
			);
			runOnlyForDeploymentPostprocessing = 0;
		};
		6F8242132A46FFCB00591925 /* Sources */ = {
			isa = PBXSourcesBuildPhase;
			buildActionMask = 2147483647;
			files = (
				6F82421C2A46FFCB00591925 /* ExploreVisionTests.swift in Sources */,
			);
			runOnlyForDeploymentPostprocessing = 0;
		};
/* End PBXSourcesBuildPhase section */

/* Begin PBXTargetDependency section */
		6F8242192A46FFCB00591925 /* PBXTargetDependency */ = {
			isa = PBXTargetDependency;
			target = 6F8241FF2A46FFC900591925 /* ExploreVision */;
			targetProxy = 6F8242182A46FFCB00591925 /* PBXContainerItemProxy */;
		};
/* End PBXTargetDependency section */

/* Begin XCBuildConfiguration section */
		6F82421D2A46FFCB00591925 /* Debug */ = {
			isa = XCBuildConfiguration;
			buildSettings = {
				ALWAYS_SEARCH_USER_PATHS = NO;
				ASSETCATALOG_COMPILER_GENERATE_SWIFT_ASSET_SYMBOL_EXTENSIONS = YES;
				CLANG_ANALYZER_NONNULL = YES;
				CLANG_ANALYZER_NUMBER_OBJECT_CONVERSION = YES_AGGRESSIVE;
				CLANG_CXX_LANGUAGE_STANDARD = "gnu++20";
				CLANG_ENABLE_MODULES = YES;
				CLANG_ENABLE_OBJC_ARC = YES;
				CLANG_ENABLE_OBJC_WEAK = YES;
				CLANG_WARN_BLOCK_CAPTURE_AUTORELEASING = YES;
				CLANG_WARN_BOOL_CONVERSION = YES;
				CLANG_WARN_COMMA = YES;
				CLANG_WARN_CONSTANT_CONVERSION = YES;
				CLANG_WARN_DEPRECATED_OBJC_IMPLEMENTATIONS = YES;
				CLANG_WARN_DIRECT_OBJC_ISA_USAGE = YES_ERROR;
				CLANG_WARN_DOCUMENTATION_COMMENTS = YES;
				CLANG_WARN_EMPTY_BODY = YES;
				CLANG_WARN_ENUM_CONVERSION = YES;
				CLANG_WARN_INFINITE_RECURSION = YES;
				CLANG_WARN_INT_CONVERSION = YES;
				CLANG_WARN_NON_LITERAL_NULL_CONVERSION = YES;
				CLANG_WARN_OBJC_IMPLICIT_RETAIN_SELF = YES;
				CLANG_WARN_OBJC_LITERAL_CONVERSION = YES;
				CLANG_WARN_OBJC_ROOT_CLASS = YES_ERROR;
				CLANG_WARN_QUOTED_INCLUDE_IN_FRAMEWORK_HEADER = YES;
				CLANG_WARN_RANGE_LOOP_ANALYSIS = YES;
				CLANG_WARN_STRICT_PROTOTYPES = YES;
				CLANG_WARN_SUSPICIOUS_MOVE = YES;
				CLANG_WARN_UNGUARDED_AVAILABILITY = YES_AGGRESSIVE;
				CLANG_WARN_UNREACHABLE_CODE = YES;
				CLANG_WARN__DUPLICATE_METHOD_MATCH = YES;
				COPY_PHASE_STRIP = NO;
				DEBUG_INFORMATION_FORMAT = dwarf;
				ENABLE_STRICT_OBJC_MSGSEND = YES;
				ENABLE_TESTABILITY = YES;
				ENABLE_USER_SCRIPT_SANDBOXING = YES;
				GCC_C_LANGUAGE_STANDARD = gnu17;
				GCC_DYNAMIC_NO_PIC = NO;
				GCC_NO_COMMON_BLOCKS = YES;
				GCC_OPTIMIZATION_LEVEL = 0;
				GCC_PREPROCESSOR_DEFINITIONS = (
					"DEBUG=1",
					"$(inherited)",
				);
				GCC_WARN_64_TO_32_BIT_CONVERSION = YES;
				GCC_WARN_ABOUT_RETURN_TYPE = YES_ERROR;
				GCC_WARN_UNDECLARED_SELECTOR = YES;
				GCC_WARN_UNINITIALIZED_AUTOS = YES_AGGRESSIVE;
				GCC_WARN_UNUSED_FUNCTION = YES;
				GCC_WARN_UNUSED_VARIABLE = YES;
				LOCALIZATION_PREFERS_STRING_CATALOGS = YES;
				MTL_ENABLE_DEBUG_INFO = INCLUDE_SOURCE;
				MTL_FAST_MATH = YES;
				ONLY_ACTIVE_ARCH = YES;
				SDKROOT = xros;
				SWIFT_ACTIVE_COMPILATION_CONDITIONS = "DEBUG $(inherited)";
				SWIFT_OPTIMIZATION_LEVEL = "-Onone";
				XROS_DEPLOYMENT_TARGET = 1.0;
			};
			name = Debug;
		};
		6F82421E2A46FFCB00591925 /* Release */ = {
			isa = XCBuildConfiguration;
			buildSettings = {
				ALWAYS_SEARCH_USER_PATHS = NO;
				ASSETCATALOG_COMPILER_GENERATE_SWIFT_ASSET_SYMBOL_EXTENSIONS = YES;
				CLANG_ANALYZER_NONNULL = YES;
				CLANG_ANALYZER_NUMBER_OBJECT_CONVERSION = YES_AGGRESSIVE;
				CLANG_CXX_LANGUAGE_STANDARD = "gnu++20";
				CLANG_ENABLE_MODULES = YES;
				CLANG_ENABLE_OBJC_ARC = YES;
				CLANG_ENABLE_OBJC_WEAK = YES;
				CLANG_WARN_BLOCK_CAPTURE_AUTORELEASING = YES;
				CLANG_WARN_BOOL_CONVERSION = YES;
				CLANG_WARN_COMMA = YES;
				CLANG_WARN_CONSTANT_CONVERSION = YES;
				CLANG_WARN_DEPRECATED_OBJC_IMPLEMENTATIONS = YES;
				CLANG_WARN_DIRECT_OBJC_ISA_USAGE = YES_ERROR;
				CLANG_WARN_DOCUMENTATION_COMMENTS = YES;
				CLANG_WARN_EMPTY_BODY = YES;
				CLANG_WARN_ENUM_CONVERSION = YES;
				CLANG_WARN_INFINITE_RECURSION = YES;
				CLANG_WARN_INT_CONVERSION = YES;
				CLANG_WARN_NON_LITERAL_NULL_CONVERSION = YES;
				CLANG_WARN_OBJC_IMPLICIT_RETAIN_SELF = YES;
				CLANG_WARN_OBJC_LITERAL_CONVERSION = YES;
				CLANG_WARN_OBJC_ROOT_CLASS = YES_ERROR;
				CLANG_WARN_QUOTED_INCLUDE_IN_FRAMEWORK_HEADER = YES;
				CLANG_WARN_RANGE_LOOP_ANALYSIS = YES;
				CLANG_WARN_STRICT_PROTOTYPES = YES;
				CLANG_WARN_SUSPICIOUS_MOVE = YES;
				CLANG_WARN_UNGUARDED_AVAILABILITY = YES_AGGRESSIVE;
				CLANG_WARN_UNREACHABLE_CODE = YES;
				CLANG_WARN__DUPLICATE_METHOD_MATCH = YES;
				COPY_PHASE_STRIP = NO;
				DEBUG_INFORMATION_FORMAT = "dwarf-with-dsym";
				ENABLE_NS_ASSERTIONS = NO;
				ENABLE_STRICT_OBJC_MSGSEND = YES;
				ENABLE_USER_SCRIPT_SANDBOXING = YES;
				GCC_C_LANGUAGE_STANDARD = gnu17;
				GCC_NO_COMMON_BLOCKS = YES;
				GCC_WARN_64_TO_32_BIT_CONVERSION = YES;
				GCC_WARN_ABOUT_RETURN_TYPE = YES_ERROR;
				GCC_WARN_UNDECLARED_SELECTOR = YES;
				GCC_WARN_UNINITIALIZED_AUTOS = YES_AGGRESSIVE;
				GCC_WARN_UNUSED_FUNCTION = YES;
				GCC_WARN_UNUSED_VARIABLE = YES;
				LOCALIZATION_PREFERS_STRING_CATALOGS = YES;
				MTL_ENABLE_DEBUG_INFO = NO;
				MTL_FAST_MATH = YES;
				SDKROOT = xros;
				SWIFT_COMPILATION_MODE = wholemodule;
				VALIDATE_PRODUCT = YES;
				XROS_DEPLOYMENT_TARGET = 1.0;
			};
			name = Release;
		};
		6F8242202A46FFCB00591925 /* Debug */ = {
			isa = XCBuildConfiguration;
			buildSettings = {
				ASSETCATALOG_COMPILER_APPICON_NAME = AppIcon;
				ASSETCATALOG_COMPILER_GLOBAL_ACCENT_COLOR_NAME = AccentColor;
				CODE_SIGN_STYLE = Automatic;
				CURRENT_PROJECT_VERSION = 1;
				DEVELOPMENT_ASSET_PATHS = "\"ExploreVision/Preview Content\"";
				DEVELOPMENT_TEAM = 92WRYF2T48;
				ENABLE_PREVIEWS = YES;
				GENERATE_INFOPLIST_FILE = YES;
				INFOPLIST_FILE = ExploreVision/Info.plist;
				INFOPLIST_KEY_CFBundleDisplayName = "Explore Vision";
				INFOPLIST_KEY_LSApplicationCategoryType = "public.app-category.productivity";
				INFOPLIST_KEY_UIApplicationSceneManifest_Generation = YES;
				LD_RUNPATH_SEARCH_PATHS = (
					"$(inherited)",
					"@executable_path/Frameworks",
				);
				MARKETING_VERSION = 1.0.0;
				PRODUCT_BUNDLE_IDENTIFIER = com.limurse.ExploreVision;
				PRODUCT_NAME = "$(TARGET_NAME)";
				SUPPORTED_PLATFORMS = "xros xrsimulator";
				SWIFT_EMIT_LOC_STRINGS = YES;
				SWIFT_VERSION = 5.0;
				TARGETED_DEVICE_FAMILY = "1,2,7";
			};
			name = Debug;
		};
		6F8242212A46FFCB00591925 /* Release */ = {
			isa = XCBuildConfiguration;
			buildSettings = {
				ASSETCATALOG_COMPILER_APPICON_NAME = AppIcon;
				ASSETCATALOG_COMPILER_GLOBAL_ACCENT_COLOR_NAME = AccentColor;
				CODE_SIGN_STYLE = Automatic;
				CURRENT_PROJECT_VERSION = 1;
				DEVELOPMENT_ASSET_PATHS = "\"ExploreVision/Preview Content\"";
				DEVELOPMENT_TEAM = 92WRYF2T48;
				ENABLE_PREVIEWS = YES;
				GENERATE_INFOPLIST_FILE = YES;
				INFOPLIST_FILE = ExploreVision/Info.plist;
				INFOPLIST_KEY_CFBundleDisplayName = "Explore Vision";
				INFOPLIST_KEY_LSApplicationCategoryType = "public.app-category.productivity";
				INFOPLIST_KEY_UIApplicationSceneManifest_Generation = YES;
				LD_RUNPATH_SEARCH_PATHS = (
					"$(inherited)",
					"@executable_path/Frameworks",
				);
				MARKETING_VERSION = 1.0.0;
				PRODUCT_BUNDLE_IDENTIFIER = com.limurse.ExploreVision;
				PRODUCT_NAME = "$(TARGET_NAME)";
				SUPPORTED_PLATFORMS = "xros xrsimulator";
				SWIFT_EMIT_LOC_STRINGS = YES;
				SWIFT_VERSION = 5.0;
				TARGETED_DEVICE_FAMILY = "1,2,7";
			};
			name = Release;
		};
		6F8242232A46FFCB00591925 /* Debug */ = {
			isa = XCBuildConfiguration;
			buildSettings = {
				ALWAYS_EMBED_SWIFT_STANDARD_LIBRARIES = YES;
				BUNDLE_LOADER = "$(TEST_HOST)";
				CODE_SIGN_STYLE = Automatic;
				CURRENT_PROJECT_VERSION = 1;
				DEVELOPMENT_TEAM = 92WRYF2T48;
				GENERATE_INFOPLIST_FILE = YES;
				MARKETING_VERSION = 1.0;
				PRODUCT_BUNDLE_IDENTIFIER = com.limurse.ExploreVisionTests;
				PRODUCT_NAME = "$(TARGET_NAME)";
				SUPPORTED_PLATFORMS = "xros xrsimulator";
				SWIFT_EMIT_LOC_STRINGS = NO;
				SWIFT_VERSION = 5.0;
				TARGETED_DEVICE_FAMILY = "1,2,7";
				TEST_HOST = "$(BUILT_PRODUCTS_DIR)/ExploreVision.app/$(BUNDLE_EXECUTABLE_FOLDER_PATH)/ExploreVision";
				XROS_DEPLOYMENT_TARGET = 1.0;
			};
			name = Debug;
		};
		6F8242242A46FFCB00591925 /* Release */ = {
			isa = XCBuildConfiguration;
			buildSettings = {
				ALWAYS_EMBED_SWIFT_STANDARD_LIBRARIES = YES;
				BUNDLE_LOADER = "$(TEST_HOST)";
				CODE_SIGN_STYLE = Automatic;
				CURRENT_PROJECT_VERSION = 1;
				DEVELOPMENT_TEAM = 92WRYF2T48;
				GENERATE_INFOPLIST_FILE = YES;
				MARKETING_VERSION = 1.0;
				PRODUCT_BUNDLE_IDENTIFIER = com.limurse.ExploreVisionTests;
				PRODUCT_NAME = "$(TARGET_NAME)";
				SUPPORTED_PLATFORMS = "xros xrsimulator";
				SWIFT_EMIT_LOC_STRINGS = NO;
				SWIFT_VERSION = 5.0;
				TARGETED_DEVICE_FAMILY = "1,2,7";
				TEST_HOST = "$(BUILT_PRODUCTS_DIR)/ExploreVision.app/$(BUNDLE_EXECUTABLE_FOLDER_PATH)/ExploreVision";
				XROS_DEPLOYMENT_TARGET = 1.0;
			};
			name = Release;
		};
/* End XCBuildConfiguration section */

/* Begin XCConfigurationList section */
		6F8241FB2A46FFC900591925 /* Build configuration list for PBXProject "ExploreVision" */ = {
			isa = XCConfigurationList;
			buildConfigurations = (
				6F82421D2A46FFCB00591925 /* Debug */,
				6F82421E2A46FFCB00591925 /* Release */,
			);
			defaultConfigurationIsVisible = 0;
			defaultConfigurationName = Release;
		};
		6F82421F2A46FFCB00591925 /* Build configuration list for PBXNativeTarget "ExploreVision" */ = {
			isa = XCConfigurationList;
			buildConfigurations = (
				6F8242202A46FFCB00591925 /* Debug */,
				6F8242212A46FFCB00591925 /* Release */,
			);
			defaultConfigurationIsVisible = 0;
			defaultConfigurationName = Release;
		};
		6F8242222A46FFCB00591925 /* Build configuration list for PBXNativeTarget "ExploreVisionTests" */ = {
			isa = XCConfigurationList;
			buildConfigurations = (
				6F8242232A46FFCB00591925 /* Debug */,
				6F8242242A46FFCB00591925 /* Release */,
			);
			defaultConfigurationIsVisible = 0;
			defaultConfigurationName = Release;
		};
/* End XCConfigurationList section */

/* Begin XCSwiftPackageProductDependency section */
		6F8242052A46FFC900591925 /* RealityKitContent */ = {
			isa = XCSwiftPackageProductDependency;
			productName = RealityKitContent;
		};
/* End XCSwiftPackageProductDependency section */
	};
	rootObject = 6F8241F82A46FFC900591925 /* Project object */;
}
